
Microsoft Visual Studio Solution File, Format Version 12.00
# Visual Studio Version 16
VisualStudioVersion = 16.0.30011.22
MinimumVisualStudioVersion = 10.0.40219.1
Project("{FAE04EC0-301F-11D3-BF4B-00C04F79EFBC}") = "CEP_APP.UWP", "CEP_APP.UWP\CEP_APP.UWP.csproj", "{AF7C0D15-BFE9-435E-BA13-25AD0912E60F}"
EndProject
Project("{FAE04EC0-301F-11D3-BF4B-00C04F79EFBC}") = "CEP_APP.Android", "CEP_APP.Android\CEP_APP.Android.csproj", "{AA582732-56BC-49B9-AE9D-7122FBB93A26}"
EndProject
Project("{FAE04EC0-301F-11D3-BF4B-00C04F79EFBC}") = "CEP_APP.iOS", "CEP_APP.iOS\CEP_APP.iOS.csproj", "{CCA3C031-7EAC-4536-B83F-7851491E71A0}"
EndProject
Project("{FAE04EC0-301F-11D3-BF4B-00C04F79EFBC}") = "CEP_APP", "CEP_APP\CEP_APP.csproj", "{BFFA65B9-5733-4997-AA30-4D8396EB3F4D}"
EndProject
Global
	GlobalSection(SolutionConfigurationPlatforms) = preSolution
		Debug|Any CPU = Debug|Any CPU
		Debug|ARM = Debug|ARM
		Debug|iPhone = Debug|iPhone
		Debug|iPhoneSimulator = Debug|iPhoneSimulator
		Debug|x64 = Debug|x64
		Debug|x86 = Debug|x86
		Release|Any CPU = Release|Any CPU
		Release|ARM = Release|ARM
		Release|iPhone = Release|iPhone
		Release|iPhoneSimulator = Release|iPhoneSimulator
		Release|x64 = Release|x64
		Release|x86 = Release|x86
	EndGlobalSection
	GlobalSection(ProjectConfigurationPlatforms) = postSolution
		{AF7C0D15-BFE9-435E-BA13-25AD0912E60F}.Debug|Any CPU.ActiveCfg = Debug|x86
		{AF7C0D15-BFE9-435E-BA13-25AD0912E60F}.Debug|Any CPU.Build.0 = Debug|x86
		{AF7C0D15-BFE9-435E-BA13-25AD0912E60F}.Debug|Any CPU.Deploy.0 = Debug|x86
		{AF7C0D15-BFE9-435E-BA13-25AD0912E60F}.Debug|ARM.ActiveCfg = Debug|ARM
		{AF7C0D15-BFE9-435E-BA13-25AD0912E60F}.Debug|ARM.Build.0 = Debug|ARM
		{AF7C0D15-BFE9-435E-BA13-25AD0912E60F}.Debug|ARM.Deploy.0 = Debug|ARM
		{AF7C0D15-BFE9-435E-BA13-25AD0912E60F}.Debug|iPhone.ActiveCfg = Debug|x86
		{AF7C0D15-BFE9-435E-BA13-25AD0912E60F}.Debug|iPhone.Build.0 = Debug|x86
		{AF7C0D15-BFE9-435E-BA13-25AD0912E60F}.Debug|iPhone.Deploy.0 = Debug|x86
		{AF7C0D15-BFE9-435E-BA13-25AD0912E60F}.Debug|iPhoneSimulator.ActiveCfg = Debug|x86
		{AF7C0D15-BFE9-435E-BA13-25AD0912E60F}.Debug|iPhoneSimulator.Build.0 = Debug|x86
		{AF7C0D15-BFE9-435E-BA13-25AD0912E60F}.Debug|iPhoneSimulator.Deploy.0 = Debug|x86
		{AF7C0D15-BFE9-435E-BA13-25AD0912E60F}.Debug|x64.ActiveCfg = Debug|x64
		{AF7C0D15-BFE9-435E-BA13-25AD0912E60F}.Debug|x64.Build.0 = Debug|x64
		{AF7C0D15-BFE9-435E-BA13-25AD0912E60F}.Debug|x64.Deploy.0 = Debug|x64
		{AF7C0D15-BFE9-435E-BA13-25AD0912E60F}.Debug|x86.ActiveCfg = Debug|x86
		{AF7C0D15-BFE9-435E-BA13-25AD0912E60F}.Debug|x86.Build.0 = Debug|x86
		{AF7C0D15-BFE9-435E-BA13-25AD0912E60F}.Debug|x86.Deploy.0 = Debug|x86
		{AF7C0D15-BFE9-435E-BA13-25AD0912E60F}.Release|Any CPU.ActiveCfg = Release|x86
		{AF7C0D15-BFE9-435E-BA13-25AD0912E60F}.Release|Any CPU.Build.0 = Release|x86
		{AF7C0D15-BFE9-435E-BA13-25AD0912E60F}.Release|Any CPU.Deploy.0 = Release|x86
		{AF7C0D15-BFE9-435E-BA13-25AD0912E60F}.Release|ARM.ActiveCfg = Release|ARM
		{AF7C0D15-BFE9-435E-BA13-25AD0912E60F}.Release|ARM.Build.0 = Release|ARM
		{AF7C0D15-BFE9-435E-BA13-25AD0912E60F}.Release|ARM.Deploy.0 = Release|ARM
		{AF7C0D15-BFE9-435E-BA13-25AD0912E60F}.Release|iPhone.ActiveCfg = Release|x86
		{AF7C0D15-BFE9-435E-BA13-25AD0912E60F}.Release|iPhone.Build.0 = Release|x86
		{AF7C0D15-BFE9-435E-BA13-25AD0912E60F}.Release|iPhone.Deploy.0 = Release|x86
		{AF7C0D15-BFE9-435E-BA13-25AD0912E60F}.Release|iPhoneSimulator.ActiveCfg = Release|x86
		{AF7C0D15-BFE9-435E-BA13-25AD0912E60F}.Release|iPhoneSimulator.Build.0 = Release|x86
		{AF7C0D15-BFE9-435E-BA13-25AD0912E60F}.Release|iPhoneSimulator.Deploy.0 = Release|x86
		{AF7C0D15-BFE9-435E-BA13-25AD0912E60F}.Release|x64.ActiveCfg = Release|x64
		{AF7C0D15-BFE9-435E-BA13-25AD0912E60F}.Release|x64.Build.0 = Release|x64
		{AF7C0D15-BFE9-435E-BA13-25AD0912E60F}.Release|x64.Deploy.0 = Release|x64
		{AF7C0D15-BFE9-435E-BA13-25AD0912E60F}.Release|x86.ActiveCfg = Release|x86
		{AF7C0D15-BFE9-435E-BA13-25AD0912E60F}.Release|x86.Build.0 = Release|x86
		{AF7C0D15-BFE9-435E-BA13-25AD0912E60F}.Release|x86.Deploy.0 = Release|x86
		{AA582732-56BC-49B9-AE9D-7122FBB93A26}.Debug|Any CPU.ActiveCfg = Debug|Any CPU
		{AA582732-56BC-49B9-AE9D-7122FBB93A26}.Debug|Any CPU.Build.0 = Debug|Any CPU
		{AA582732-56BC-49B9-AE9D-7122FBB93A26}.Debug|Any CPU.Deploy.0 = Debug|Any CPU
		{AA582732-56BC-49B9-AE9D-7122FBB93A26}.Debug|ARM.ActiveCfg = Debug|Any CPU
		{AA582732-56BC-49B9-AE9D-7122FBB93A26}.Debug|ARM.Build.0 = Debug|Any CPU
		{AA582732-56BC-49B9-AE9D-7122FBB93A26}.Debug|ARM.Deploy.0 = Debug|Any CPU
		{AA582732-56BC-49B9-AE9D-7122FBB93A26}.Debug|iPhone.ActiveCfg = Debug|Any CPU
		{AA582732-56BC-49B9-AE9D-7122FBB93A26}.Debug|iPhone.Build.0 = Debug|Any CPU
		{AA582732-56BC-49B9-AE9D-7122FBB93A26}.Debug|iPhone.Deploy.0 = Debug|Any CPU
		{AA582732-56BC-49B9-AE9D-7122FBB93A26}.Debug|iPhoneSimulator.ActiveCfg = Debug|Any CPU
		{AA582732-56BC-49B9-AE9D-7122FBB93A26}.Debug|iPhoneSimulator.Build.0 = Debug|Any CPU
		{AA582732-56BC-49B9-AE9D-7122FBB93A26}.Debug|iPhoneSimulator.Deploy.0 = Debug|Any CPU
		{AA582732-56BC-49B9-AE9D-7122FBB93A26}.Debug|x64.ActiveCfg = Debug|Any CPU
		{AA582732-56BC-49B9-AE9D-7122FBB93A26}.Debug|x64.Build.0 = Debug|Any CPU
		{AA582732-56BC-49B9-AE9D-7122FBB93A26}.Debug|x64.Deploy.0 = Debug|Any CPU
		{AA582732-56BC-49B9-AE9D-7122FBB93A26}.Debug|x86.ActiveCfg = Debug|Any CPU
		{AA582732-56BC-49B9-AE9D-7122FBB93A26}.Debug|x86.Build.0 = Debug|Any CPU
		{AA582732-56BC-49B9-AE9D-7122FBB93A26}.Debug|x86.Deploy.0 = Debug|Any CPU
		{AA582732-56BC-49B9-AE9D-7122FBB93A26}.Release|Any CPU.ActiveCfg = Release|Any CPU
		{AA582732-56BC-49B9-AE9D-7122FBB93A26}.Release|Any CPU.Build.0 = Release|Any CPU
		{AA582732-56BC-49B9-AE9D-7122FBB93A26}.Release|Any CPU.Deploy.0 = Release|Any CPU
		{AA582732-56BC-49B9-AE9D-7122FBB93A26}.Release|ARM.ActiveCfg = Release|Any CPU
		{AA582732-56BC-49B9-AE9D-7122FBB93A26}.Release|ARM.Build.0 = Release|Any CPU
		{AA582732-56BC-49B9-AE9D-7122FBB93A26}.Release|ARM.Deploy.0 = Release|Any CPU
		{AA582732-56BC-49B9-AE9D-7122FBB93A26}.Release|iPhone.ActiveCfg = Release|Any CPU
		{AA582732-56BC-49B9-AE9D-7122FBB93A26}.Release|iPhone.Build.0 = Release|Any CPU
		{AA582732-56BC-49B9-AE9D-7122FBB93A26}.Release|iPhone.Deploy.0 = Release|Any CPU
		{AA582732-56BC-49B9-AE9D-7122FBB93A26}.Release|iPhoneSimulator.ActiveCfg = Release|Any CPU
		{AA582732-56BC-49B9-AE9D-7122FBB93A26}.Release|iPhoneSimulator.Build.0 = Release|Any CPU
		{AA582732-56BC-49B9-AE9D-7122FBB93A26}.Release|iPhoneSimulator.Deploy.0 = Release|Any CPU
		{AA582732-56BC-49B9-AE9D-7122FBB93A26}.Release|x64.ActiveCfg = Release|Any CPU
		{AA582732-56BC-49B9-AE9D-7122FBB93A26}.Release|x64.Build.0 = Release|Any CPU
		{AA582732-56BC-49B9-AE9D-7122FBB93A26}.Release|x64.Deploy.0 = Release|Any CPU
		{AA582732-56BC-49B9-AE9D-7122FBB93A26}.Release|x86.ActiveCfg = Release|Any CPU
		{AA582732-56BC-49B9-AE9D-7122FBB93A26}.Release|x86.Build.0 = Release|Any CPU
		{AA582732-56BC-49B9-AE9D-7122FBB93A26}.Release|x86.Deploy.0 = Release|Any CPU
		{CCA3C031-7EAC-4536-B83F-7851491E71A0}.Debug|Any CPU.ActiveCfg = Debug|iPhone
		{CCA3C031-7EAC-4536-B83F-7851491E71A0}.Debug|Any CPU.Build.0 = Debug|iPhone
		{CCA3C031-7EAC-4536-B83F-7851491E71A0}.Debug|Any CPU.Deploy.0 = Debug|iPhone
		{CCA3C031-7EAC-4536-B83F-7851491E71A0}.Debug|ARM.ActiveCfg = Debug|iPhone
		{CCA3C031-7EAC-4536-B83F-7851491E71A0}.Debug|ARM.Build.0 = Debug|iPhone
		{CCA3C031-7EAC-4536-B83F-7851491E71A0}.Debug|ARM.Deploy.0 = Debug|iPhone
		{CCA3C031-7EAC-4536-B83F-7851491E71A0}.Debug|iPhone.ActiveCfg = Debug|iPhone
		{CCA3C031-7EAC-4536-B83F-7851491E71A0}.Debug|iPhone.Build.0 = Debug|iPhone
		{CCA3C031-7EAC-4536-B83F-7851491E71A0}.Debug|iPhone.Deploy.0 = Debug|iPhone
		{CCA3C031-7EAC-4536-B83F-7851491E71A0}.Debug|iPhoneSimulator.ActiveCfg = Debug|iPhoneSimulator
		{CCA3C031-7EAC-4536-B83F-7851491E71A0}.Debug|iPhoneSimulator.Build.0 = Debug|iPhoneSimulator
		{CCA3C031-7EAC-4536-B83F-7851491E71A0}.Debug|iPhoneSimulator.Deploy.0 = Debug|iPhoneSimulator
		{CCA3C031-7EAC-4536-B83F-7851491E71A0}.Debug|x64.ActiveCfg = Debug|iPhone
		{CCA3C031-7EAC-4536-B83F-7851491E71A0}.Debug|x64.Build.0 = Debug|iPhone
		{CCA3C031-7EAC-4536-B83F-7851491E71A0}.Debug|x64.Deploy.0 = Debug|iPhone
		{CCA3C031-7EAC-4536-B83F-7851491E71A0}.Debug|x86.ActiveCfg = Debug|iPhone
		{CCA3C031-7EAC-4536-B83F-7851491E71A0}.Debug|x86.Build.0 = Debug|iPhone
		{CCA3C031-7EAC-4536-B83F-7851491E71A0}.Debug|x86.Deploy.0 = Debug|iPhone
		{CCA3C031-7EAC-4536-B83F-7851491E71A0}.Release|Any CPU.ActiveCfg = Release|iPhone
		{CCA3C031-7EAC-4536-B83F-7851491E71A0}.Release|Any CPU.Build.0 = Release|iPhone
		{CCA3C031-7EAC-4536-B83F-7851491E71A0}.Release|Any CPU.Deploy.0 = Release|iPhone
		{CCA3C031-7EAC-4536-B83F-7851491E71A0}.Release|ARM.ActiveCfg = Release|iPhone
		{CCA3C031-7EAC-4536-B83F-7851491E71A0}.Release|ARM.Build.0 = Release|iPhone
		{CCA3C031-7EAC-4536-B83F-7851491E71A0}.Release|ARM.Deploy.0 = Release|iPhone
		{CCA3C031-7EAC-4536-B83F-7851491E71A0}.Release|iPhone.ActiveCfg = Release|iPhone
		{CCA3C031-7EAC-4536-B83F-7851491E71A0}.Release|iPhone.Build.0 = Release|iPhone
		{CCA3C031-7EAC-4536-B83F-7851491E71A0}.Release|iPhone.Deploy.0 = Release|iPhone
		{CCA3C031-7EAC-4536-B83F-7851491E71A0}.Release|iPhoneSimulator.ActiveCfg = Release|iPhoneSimulator
		{CCA3C031-7EAC-4536-B83F-7851491E71A0}.Release|iPhoneSimulator.Build.0 = Release|iPhoneSimulator
		{CCA3C031-7EAC-4536-B83F-7851491E71A0}.Release|iPhoneSimulator.Deploy.0 = Release|iPhoneSimulator
		{CCA3C031-7EAC-4536-B83F-7851491E71A0}.Release|x64.ActiveCfg = Release|iPhone
		{CCA3C031-7EAC-4536-B83F-7851491E71A0}.Release|x64.Build.0 = Release|iPhone
		{CCA3C031-7EAC-4536-B83F-7851491E71A0}.Release|x64.Deploy.0 = Release|iPhone
		{CCA3C031-7EAC-4536-B83F-7851491E71A0}.Release|x86.ActiveCfg = Release|iPhone
		{CCA3C031-7EAC-4536-B83F-7851491E71A0}.Release|x86.Build.0 = Release|iPhone
		{CCA3C031-7EAC-4536-B83F-7851491E71A0}.Release|x86.Deploy.0 = Release|iPhone
		{BFFA65B9-5733-4997-AA30-4D8396EB3F4D}.Debug|Any CPU.ActiveCfg = Debug|Any CPU
		{BFFA65B9-5733-4997-AA30-4D8396EB3F4D}.Debug|Any CPU.Build.0 = Debug|Any CPU
		{BFFA65B9-5733-4997-AA30-4D8396EB3F4D}.Debug|Any CPU.Deploy.0 = Debug|Any CPU
		{BFFA65B9-5733-4997-AA30-4D8396EB3F4D}.Debug|ARM.ActiveCfg = Debug|Any CPU
		{BFFA65B9-5733-4997-AA30-4D8396EB3F4D}.Debug|ARM.Build.0 = Debug|Any CPU
		{BFFA65B9-5733-4997-AA30-4D8396EB3F4D}.Debug|ARM.Deploy.0 = Debug|Any CPU
		{BFFA65B9-5733-4997-AA30-4D8396EB3F4D}.Debug|iPhone.ActiveCfg = Debug|Any CPU
		{BFFA65B9-5733-4997-AA30-4D8396EB3F4D}.Debug|iPhone.Build.0 = Debug|Any CPU
		{BFFA65B9-5733-4997-AA30-4D8396EB3F4D}.Debug|iPhone.Deploy.0 = Debug|Any CPU
		{BFFA65B9-5733-4997-AA30-4D8396EB3F4D}.Debug|iPhoneSimulator.ActiveCfg = Debug|Any CPU
		{BFFA65B9-5733-4997-AA30-4D8396EB3F4D}.Debug|iPhoneSimulator.Build.0 = Debug|Any CPU
		{BFFA65B9-5733-4997-AA30-4D8396EB3F4D}.Debug|iPhoneSimulator.Deploy.0 = Debug|Any CPU
		{BFFA65B9-5733-4997-AA30-4D8396EB3F4D}.Debug|x64.ActiveCfg = Debug|Any CPU
		{BFFA65B9-5733-4997-AA30-4D8396EB3F4D}.Debug|x64.Build.0 = Debug|Any CPU
		{BFFA65B9-5733-4997-AA30-4D8396EB3F4D}.Debug|x64.Deploy.0 = Debug|Any CPU
		{BFFA65B9-5733-4997-AA30-4D8396EB3F4D}.Debug|x86.ActiveCfg = Debug|Any CPU
		{BFFA65B9-5733-4997-AA30-4D8396EB3F4D}.Debug|x86.Build.0 = Debug|Any CPU
		{BFFA65B9-5733-4997-AA30-4D8396EB3F4D}.Debug|x86.Deploy.0 = Debug|Any CPU
		{BFFA65B9-5733-4997-AA30-4D8396EB3F4D}.Release|Any CPU.ActiveCfg = Release|Any CPU
		{BFFA65B9-5733-4997-AA30-4D8396EB3F4D}.Release|Any CPU.Build.0 = Release|Any CPU
		{BFFA65B9-5733-4997-AA30-4D8396EB3F4D}.Release|Any CPU.Deploy.0 = Release|Any CPU
		{BFFA65B9-5733-4997-AA30-4D8396EB3F4D}.Release|ARM.ActiveCfg = Release|Any CPU
		{BFFA65B9-5733-4997-AA30-4D8396EB3F4D}.Release|ARM.Build.0 = Release|Any CPU
		{BFFA65B9-5733-4997-AA30-4D8396EB3F4D}.Release|ARM.Deploy.0 = Release|Any CPU
		{BFFA65B9-5733-4997-AA30-4D8396EB3F4D}.Release|iPhone.ActiveCfg = Release|Any CPU
		{BFFA65B9-5733-4997-AA30-4D8396EB3F4D}.Release|iPhone.Build.0 = Release|Any CPU
		{BFFA65B9-5733-4997-AA30-4D8396EB3F4D}.Release|iPhone.Deploy.0 = Release|Any CPU
		{BFFA65B9-5733-4997-AA30-4D8396EB3F4D}.Release|iPhoneSimulator.ActiveCfg = Release|Any CPU
		{BFFA65B9-5733-4997-AA30-4D8396EB3F4D}.Release|iPhoneSimulator.Build.0 = Release|Any CPU
		{BFFA65B9-5733-4997-AA30-4D8396EB3F4D}.Release|iPhoneSimulator.Deploy.0 = Release|Any CPU
		{BFFA65B9-5733-4997-AA30-4D8396EB3F4D}.Release|x64.ActiveCfg = Release|Any CPU
		{BFFA65B9-5733-4997-AA30-4D8396EB3F4D}.Release|x64.Build.0 = Release|Any CPU
		{BFFA65B9-5733-4997-AA30-4D8396EB3F4D}.Release|x64.Deploy.0 = Release|Any CPU
		{BFFA65B9-5733-4997-AA30-4D8396EB3F4D}.Release|x86.ActiveCfg = Release|Any CPU
		{BFFA65B9-5733-4997-AA30-4D8396EB3F4D}.Release|x86.Build.0 = Release|Any CPU
		{BFFA65B9-5733-4997-AA30-4D8396EB3F4D}.Release|x86.Deploy.0 = Release|Any CPU
	EndGlobalSection
	GlobalSection(SolutionProperties) = preSolution
		HideSolutionNode = FALSE
	EndGlobalSection
	GlobalSection(ExtensibilityGlobals) = postSolution
		SolutionGuid = {AF0E78BD-8823-468A-A882-794994EB5ABE}
	EndGlobalSection
EndGlobal
