
Microsoft Visual Studio Solution File, Format Version 12.00
# Visual Studio Version 16
VisualStudioVersion = 16.0.30011.22
MinimumVisualStudioVersion = 10.0.40219.1
Project("{FAE04EC0-301F-11D3-BF4B-00C04F79EFBC}") = "App_CEP.UWP", "App_CEP.UWP\App_CEP.UWP.csproj", "{A1F39FC8-1669-47A7-AE13-C96B1135140D}"
EndProject
Project("{FAE04EC0-301F-11D3-BF4B-00C04F79EFBC}") = "App_CEP.Android", "App_CEP.Android\App_CEP.Android.csproj", "{AF277DF0-86A3-4484-8E24-DA3793B10E93}"
EndProject
Project("{FAE04EC0-301F-11D3-BF4B-00C04F79EFBC}") = "App_CEP.iOS", "App_CEP.iOS\App_CEP.iOS.csproj", "{BE56DBA7-C238-4EE0-ADAD-A834572247A8}"
EndProject
Project("{FAE04EC0-301F-11D3-BF4B-00C04F79EFBC}") = "App_CEP", "App_CEP\App_CEP.csproj", "{C1D48F3C-21C1-4DED-955E-994426307845}"
EndProject
Global
	GlobalSection(SolutionConfigurationPlatforms) = preSolution
		Debug|Any CPU = Debug|Any CPU
		Debug|ARM = Debug|ARM
		Debug|iPhone = Debug|iPhone
		Debug|iPhoneSimulator = Debug|iPhoneSimulator
		Debug|x64 = Debug|x64
		Debug|x86 = Debug|x86
		Release|Any CPU = Release|Any CPU
		Release|ARM = Release|ARM
		Release|iPhone = Release|iPhone
		Release|iPhoneSimulator = Release|iPhoneSimulator
		Release|x64 = Release|x64
		Release|x86 = Release|x86
	EndGlobalSection
	GlobalSection(ProjectConfigurationPlatforms) = postSolution
		{A1F39FC8-1669-47A7-AE13-C96B1135140D}.Debug|Any CPU.ActiveCfg = Debug|x86
		{A1F39FC8-1669-47A7-AE13-C96B1135140D}.Debug|Any CPU.Build.0 = Debug|x86
		{A1F39FC8-1669-47A7-AE13-C96B1135140D}.Debug|Any CPU.Deploy.0 = Debug|x86
		{A1F39FC8-1669-47A7-AE13-C96B1135140D}.Debug|ARM.ActiveCfg = Debug|ARM
		{A1F39FC8-1669-47A7-AE13-C96B1135140D}.Debug|ARM.Build.0 = Debug|ARM
		{A1F39FC8-1669-47A7-AE13-C96B1135140D}.Debug|ARM.Deploy.0 = Debug|ARM
		{A1F39FC8-1669-47A7-AE13-C96B1135140D}.Debug|iPhone.ActiveCfg = Debug|x86
		{A1F39FC8-1669-47A7-AE13-C96B1135140D}.Debug|iPhone.Build.0 = Debug|x86
		{A1F39FC8-1669-47A7-AE13-C96B1135140D}.Debug|iPhone.Deploy.0 = Debug|x86
		{A1F39FC8-1669-47A7-AE13-C96B1135140D}.Debug|iPhoneSimulator.ActiveCfg = Debug|x86
		{A1F39FC8-1669-47A7-AE13-C96B1135140D}.Debug|iPhoneSimulator.Build.0 = Debug|x86
		{A1F39FC8-1669-47A7-AE13-C96B1135140D}.Debug|iPhoneSimulator.Deploy.0 = Debug|x86
		{A1F39FC8-1669-47A7-AE13-C96B1135140D}.Debug|x64.ActiveCfg = Debug|x64
		{A1F39FC8-1669-47A7-AE13-C96B1135140D}.Debug|x64.Build.0 = Debug|x64
		{A1F39FC8-1669-47A7-AE13-C96B1135140D}.Debug|x64.Deploy.0 = Debug|x64
		{A1F39FC8-1669-47A7-AE13-C96B1135140D}.Debug|x86.ActiveCfg = Debug|x86
		{A1F39FC8-1669-47A7-AE13-C96B1135140D}.Debug|x86.Build.0 = Debug|x86
		{A1F39FC8-1669-47A7-AE13-C96B1135140D}.Debug|x86.Deploy.0 = Debug|x86
		{A1F39FC8-1669-47A7-AE13-C96B1135140D}.Release|Any CPU.ActiveCfg = Release|x86
		{A1F39FC8-1669-47A7-AE13-C96B1135140D}.Release|Any CPU.Build.0 = Release|x86
		{A1F39FC8-1669-47A7-AE13-C96B1135140D}.Release|Any CPU.Deploy.0 = Release|x86
		{A1F39FC8-1669-47A7-AE13-C96B1135140D}.Release|ARM.ActiveCfg = Release|ARM
		{A1F39FC8-1669-47A7-AE13-C96B1135140D}.Release|ARM.Build.0 = Release|ARM
		{A1F39FC8-1669-47A7-AE13-C96B1135140D}.Release|ARM.Deploy.0 = Release|ARM
		{A1F39FC8-1669-47A7-AE13-C96B1135140D}.Release|iPhone.ActiveCfg = Release|x86
		{A1F39FC8-1669-47A7-AE13-C96B1135140D}.Release|iPhone.Build.0 = Release|x86
		{A1F39FC8-1669-47A7-AE13-C96B1135140D}.Release|iPhone.Deploy.0 = Release|x86
		{A1F39FC8-1669-47A7-AE13-C96B1135140D}.Release|iPhoneSimulator.ActiveCfg = Release|x86
		{A1F39FC8-1669-47A7-AE13-C96B1135140D}.Release|iPhoneSimulator.Build.0 = Release|x86
		{A1F39FC8-1669-47A7-AE13-C96B1135140D}.Release|iPhoneSimulator.Deploy.0 = Release|x86
		{A1F39FC8-1669-47A7-AE13-C96B1135140D}.Release|x64.ActiveCfg = Release|x64
		{A1F39FC8-1669-47A7-AE13-C96B1135140D}.Release|x64.Build.0 = Release|x64
		{A1F39FC8-1669-47A7-AE13-C96B1135140D}.Release|x64.Deploy.0 = Release|x64
		{A1F39FC8-1669-47A7-AE13-C96B1135140D}.Release|x86.ActiveCfg = Release|x86
		{A1F39FC8-1669-47A7-AE13-C96B1135140D}.Release|x86.Build.0 = Release|x86
		{A1F39FC8-1669-47A7-AE13-C96B1135140D}.Release|x86.Deploy.0 = Release|x86
		{AF277DF0-86A3-4484-8E24-DA3793B10E93}.Debug|Any CPU.ActiveCfg = Debug|Any CPU
		{AF277DF0-86A3-4484-8E24-DA3793B10E93}.Debug|Any CPU.Build.0 = Debug|Any CPU
		{AF277DF0-86A3-4484-8E24-DA3793B10E93}.Debug|Any CPU.Deploy.0 = Debug|Any CPU
		{AF277DF0-86A3-4484-8E24-DA3793B10E93}.Debug|ARM.ActiveCfg = Debug|Any CPU
		{AF277DF0-86A3-4484-8E24-DA3793B10E93}.Debug|ARM.Build.0 = Debug|Any CPU
		{AF277DF0-86A3-4484-8E24-DA3793B10E93}.Debug|ARM.Deploy.0 = Debug|Any CPU
		{AF277DF0-86A3-4484-8E24-DA3793B10E93}.Debug|iPhone.ActiveCfg = Debug|Any CPU
		{AF277DF0-86A3-4484-8E24-DA3793B10E93}.Debug|iPhone.Build.0 = Debug|Any CPU
		{AF277DF0-86A3-4484-8E24-DA3793B10E93}.Debug|iPhone.Deploy.0 = Debug|Any CPU
		{AF277DF0-86A3-4484-8E24-DA3793B10E93}.Debug|iPhoneSimulator.ActiveCfg = Debug|Any CPU
		{AF277DF0-86A3-4484-8E24-DA3793B10E93}.Debug|iPhoneSimulator.Build.0 = Debug|Any CPU
		{AF277DF0-86A3-4484-8E24-DA3793B10E93}.Debug|iPhoneSimulator.Deploy.0 = Debug|Any CPU
		{AF277DF0-86A3-4484-8E24-DA3793B10E93}.Debug|x64.ActiveCfg = Debug|Any CPU
		{AF277DF0-86A3-4484-8E24-DA3793B10E93}.Debug|x64.Build.0 = Debug|Any CPU
		{AF277DF0-86A3-4484-8E24-DA3793B10E93}.Debug|x64.Deploy.0 = Debug|Any CPU
		{AF277DF0-86A3-4484-8E24-DA3793B10E93}.Debug|x86.ActiveCfg = Debug|Any CPU
		{AF277DF0-86A3-4484-8E24-DA3793B10E93}.Debug|x86.Build.0 = Debug|Any CPU
		{AF277DF0-86A3-4484-8E24-DA3793B10E93}.Debug|x86.Deploy.0 = Debug|Any CPU
		{AF277DF0-86A3-4484-8E24-DA3793B10E93}.Release|Any CPU.ActiveCfg = Release|Any CPU
		{AF277DF0-86A3-4484-8E24-DA3793B10E93}.Release|Any CPU.Build.0 = Release|Any CPU
		{AF277DF0-86A3-4484-8E24-DA3793B10E93}.Release|Any CPU.Deploy.0 = Release|Any CPU
		{AF277DF0-86A3-4484-8E24-DA3793B10E93}.Release|ARM.ActiveCfg = Release|Any CPU
		{AF277DF0-86A3-4484-8E24-DA3793B10E93}.Release|ARM.Build.0 = Release|Any CPU
		{AF277DF0-86A3-4484-8E24-DA3793B10E93}.Release|ARM.Deploy.0 = Release|Any CPU
		{AF277DF0-86A3-4484-8E24-DA3793B10E93}.Release|iPhone.ActiveCfg = Release|Any CPU
		{AF277DF0-86A3-4484-8E24-DA3793B10E93}.Release|iPhone.Build.0 = Release|Any CPU
		{AF277DF0-86A3-4484-8E24-DA3793B10E93}.Release|iPhone.Deploy.0 = Release|Any CPU
		{AF277DF0-86A3-4484-8E24-DA3793B10E93}.Release|iPhoneSimulator.ActiveCfg = Release|Any CPU
		{AF277DF0-86A3-4484-8E24-DA3793B10E93}.Release|iPhoneSimulator.Build.0 = Release|Any CPU
		{AF277DF0-86A3-4484-8E24-DA3793B10E93}.Release|iPhoneSimulator.Deploy.0 = Release|Any CPU
		{AF277DF0-86A3-4484-8E24-DA3793B10E93}.Release|x64.ActiveCfg = Release|Any CPU
		{AF277DF0-86A3-4484-8E24-DA3793B10E93}.Release|x64.Build.0 = Release|Any CPU
		{AF277DF0-86A3-4484-8E24-DA3793B10E93}.Release|x64.Deploy.0 = Release|Any CPU
		{AF277DF0-86A3-4484-8E24-DA3793B10E93}.Release|x86.ActiveCfg = Release|Any CPU
		{AF277DF0-86A3-4484-8E24-DA3793B10E93}.Release|x86.Build.0 = Release|Any CPU
		{AF277DF0-86A3-4484-8E24-DA3793B10E93}.Release|x86.Deploy.0 = Release|Any CPU
		{BE56DBA7-C238-4EE0-ADAD-A834572247A8}.Debug|Any CPU.ActiveCfg = Debug|iPhone
		{BE56DBA7-C238-4EE0-ADAD-A834572247A8}.Debug|Any CPU.Build.0 = Debug|iPhone
		{BE56DBA7-C238-4EE0-ADAD-A834572247A8}.Debug|Any CPU.Deploy.0 = Debug|iPhone
		{BE56DBA7-C238-4EE0-ADAD-A834572247A8}.Debug|ARM.ActiveCfg = Debug|iPhone
		{BE56DBA7-C238-4EE0-ADAD-A834572247A8}.Debug|ARM.Build.0 = Debug|iPhone
		{BE56DBA7-C238-4EE0-ADAD-A834572247A8}.Debug|ARM.Deploy.0 = Debug|iPhone
		{BE56DBA7-C238-4EE0-ADAD-A834572247A8}.Debug|iPhone.ActiveCfg = Debug|iPhone
		{BE56DBA7-C238-4EE0-ADAD-A834572247A8}.Debug|iPhone.Build.0 = Debug|iPhone
		{BE56DBA7-C238-4EE0-ADAD-A834572247A8}.Debug|iPhone.Deploy.0 = Debug|iPhone
		{BE56DBA7-C238-4EE0-ADAD-A834572247A8}.Debug|iPhoneSimulator.ActiveCfg = Debug|iPhoneSimulator
		{BE56DBA7-C238-4EE0-ADAD-A834572247A8}.Debug|iPhoneSimulator.Build.0 = Debug|iPhoneSimulator
		{BE56DBA7-C238-4EE0-ADAD-A834572247A8}.Debug|iPhoneSimulator.Deploy.0 = Debug|iPhoneSimulator
		{BE56DBA7-C238-4EE0-ADAD-A834572247A8}.Debug|x64.ActiveCfg = Debug|iPhone
		{BE56DBA7-C238-4EE0-ADAD-A834572247A8}.Debug|x64.Build.0 = Debug|iPhone
		{BE56DBA7-C238-4EE0-ADAD-A834572247A8}.Debug|x64.Deploy.0 = Debug|iPhone
		{BE56DBA7-C238-4EE0-ADAD-A834572247A8}.Debug|x86.ActiveCfg = Debug|iPhone
		{BE56DBA7-C238-4EE0-ADAD-A834572247A8}.Debug|x86.Build.0 = Debug|iPhone
		{BE56DBA7-C238-4EE0-ADAD-A834572247A8}.Debug|x86.Deploy.0 = Debug|iPhone
		{BE56DBA7-C238-4EE0-ADAD-A834572247A8}.Release|Any CPU.ActiveCfg = Release|iPhone
		{BE56DBA7-C238-4EE0-ADAD-A834572247A8}.Release|Any CPU.Build.0 = Release|iPhone
		{BE56DBA7-C238-4EE0-ADAD-A834572247A8}.Release|Any CPU.Deploy.0 = Release|iPhone
		{BE56DBA7-C238-4EE0-ADAD-A834572247A8}.Release|ARM.ActiveCfg = Release|iPhone
		{BE56DBA7-C238-4EE0-ADAD-A834572247A8}.Release|ARM.Build.0 = Release|iPhone
		{BE56DBA7-C238-4EE0-ADAD-A834572247A8}.Release|ARM.Deploy.0 = Release|iPhone
		{BE56DBA7-C238-4EE0-ADAD-A834572247A8}.Release|iPhone.ActiveCfg = Release|iPhone
		{BE56DBA7-C238-4EE0-ADAD-A834572247A8}.Release|iPhone.Build.0 = Release|iPhone
		{BE56DBA7-C238-4EE0-ADAD-A834572247A8}.Release|iPhone.Deploy.0 = Release|iPhone
		{BE56DBA7-C238-4EE0-ADAD-A834572247A8}.Release|iPhoneSimulator.ActiveCfg = Release|iPhoneSimulator
		{BE56DBA7-C238-4EE0-ADAD-A834572247A8}.Release|iPhoneSimulator.Build.0 = Release|iPhoneSimulator
		{BE56DBA7-C238-4EE0-ADAD-A834572247A8}.Release|iPhoneSimulator.Deploy.0 = Release|iPhoneSimulator
		{BE56DBA7-C238-4EE0-ADAD-A834572247A8}.Release|x64.ActiveCfg = Release|iPhone
		{BE56DBA7-C238-4EE0-ADAD-A834572247A8}.Release|x64.Build.0 = Release|iPhone
		{BE56DBA7-C238-4EE0-ADAD-A834572247A8}.Release|x64.Deploy.0 = Release|iPhone
		{BE56DBA7-C238-4EE0-ADAD-A834572247A8}.Release|x86.ActiveCfg = Release|iPhone
		{BE56DBA7-C238-4EE0-ADAD-A834572247A8}.Release|x86.Build.0 = Release|iPhone
		{BE56DBA7-C238-4EE0-ADAD-A834572247A8}.Release|x86.Deploy.0 = Release|iPhone
		{C1D48F3C-21C1-4DED-955E-994426307845}.Debug|Any CPU.ActiveCfg = Debug|Any CPU
		{C1D48F3C-21C1-4DED-955E-994426307845}.Debug|Any CPU.Build.0 = Debug|Any CPU
		{C1D48F3C-21C1-4DED-955E-994426307845}.Debug|Any CPU.Deploy.0 = Debug|Any CPU
		{C1D48F3C-21C1-4DED-955E-994426307845}.Debug|ARM.ActiveCfg = Debug|Any CPU
		{C1D48F3C-21C1-4DED-955E-994426307845}.Debug|ARM.Build.0 = Debug|Any CPU
		{C1D48F3C-21C1-4DED-955E-994426307845}.Debug|ARM.Deploy.0 = Debug|Any CPU
		{C1D48F3C-21C1-4DED-955E-994426307845}.Debug|iPhone.ActiveCfg = Debug|Any CPU
		{C1D48F3C-21C1-4DED-955E-994426307845}.Debug|iPhone.Build.0 = Debug|Any CPU
		{C1D48F3C-21C1-4DED-955E-994426307845}.Debug|iPhone.Deploy.0 = Debug|Any CPU
		{C1D48F3C-21C1-4DED-955E-994426307845}.Debug|iPhoneSimulator.ActiveCfg = Debug|Any CPU
		{C1D48F3C-21C1-4DED-955E-994426307845}.Debug|iPhoneSimulator.Build.0 = Debug|Any CPU
		{C1D48F3C-21C1-4DED-955E-994426307845}.Debug|iPhoneSimulator.Deploy.0 = Debug|Any CPU
		{C1D48F3C-21C1-4DED-955E-994426307845}.Debug|x64.ActiveCfg = Debug|Any CPU
		{C1D48F3C-21C1-4DED-955E-994426307845}.Debug|x64.Build.0 = Debug|Any CPU
		{C1D48F3C-21C1-4DED-955E-994426307845}.Debug|x64.Deploy.0 = Debug|Any CPU
		{C1D48F3C-21C1-4DED-955E-994426307845}.Debug|x86.ActiveCfg = Debug|Any CPU
		{C1D48F3C-21C1-4DED-955E-994426307845}.Debug|x86.Build.0 = Debug|Any CPU
		{C1D48F3C-21C1-4DED-955E-994426307845}.Debug|x86.Deploy.0 = Debug|Any CPU
		{C1D48F3C-21C1-4DED-955E-994426307845}.Release|Any CPU.ActiveCfg = Release|Any CPU
		{C1D48F3C-21C1-4DED-955E-994426307845}.Release|Any CPU.Build.0 = Release|Any CPU
		{C1D48F3C-21C1-4DED-955E-994426307845}.Release|Any CPU.Deploy.0 = Release|Any CPU
		{C1D48F3C-21C1-4DED-955E-994426307845}.Release|ARM.ActiveCfg = Release|Any CPU
		{C1D48F3C-21C1-4DED-955E-994426307845}.Release|ARM.Build.0 = Release|Any CPU
		{C1D48F3C-21C1-4DED-955E-994426307845}.Release|ARM.Deploy.0 = Release|Any CPU
		{C1D48F3C-21C1-4DED-955E-994426307845}.Release|iPhone.ActiveCfg = Release|Any CPU
		{C1D48F3C-21C1-4DED-955E-994426307845}.Release|iPhone.Build.0 = Release|Any CPU
		{C1D48F3C-21C1-4DED-955E-994426307845}.Release|iPhone.Deploy.0 = Release|Any CPU
		{C1D48F3C-21C1-4DED-955E-994426307845}.Release|iPhoneSimulator.ActiveCfg = Release|Any CPU
		{C1D48F3C-21C1-4DED-955E-994426307845}.Release|iPhoneSimulator.Build.0 = Release|Any CPU
		{C1D48F3C-21C1-4DED-955E-994426307845}.Release|iPhoneSimulator.Deploy.0 = Release|Any CPU
		{C1D48F3C-21C1-4DED-955E-994426307845}.Release|x64.ActiveCfg = Release|Any CPU
		{C1D48F3C-21C1-4DED-955E-994426307845}.Release|x64.Build.0 = Release|Any CPU
		{C1D48F3C-21C1-4DED-955E-994426307845}.Release|x64.Deploy.0 = Release|Any CPU
		{C1D48F3C-21C1-4DED-955E-994426307845}.Release|x86.ActiveCfg = Release|Any CPU
		{C1D48F3C-21C1-4DED-955E-994426307845}.Release|x86.Build.0 = Release|Any CPU
		{C1D48F3C-21C1-4DED-955E-994426307845}.Release|x86.Deploy.0 = Release|Any CPU
	EndGlobalSection
	GlobalSection(SolutionProperties) = preSolution
		HideSolutionNode = FALSE
	EndGlobalSection
	GlobalSection(ExtensibilityGlobals) = postSolution
		SolutionGuid = {999B9851-458E-480A-892F-B71BDA4B85C0}
	EndGlobalSection
EndGlobal
